PODS:
  - DateToolsSwift (5.0.0)
  - Keys (1.0.1)
  - SwiftGen (6.3.0)

DEPENDENCIES:
  - DateToolsSwift (~> 5.0.0)
  - Keys (from `Pods/CocoaPodsKeys`)
  - SwiftGen (~> 6.3.0)

SPEC REPOS:
  trunk:
    - DateToolsSwift
    - SwiftGen

EXTERNAL SOURCES:
  Keys:
    :path: Pods/CocoaPodsKeys

SPEC CHECKSUMS:
  DateToolsSwift: 4207ada6ad615d8dc076323d27037c94916dbfa6
  Keys: a576f4c9c1c641ca913a959a9c62ed3f215a8de9
  SwiftGen: 3d5024a47ea79e408cded20763d7a17d18a4548c

PODFILE CHECKSUM: 6dcea8682ad7198f455c46be595dad4ceae69957

COCOAPODS: 1.9.3
