PODS:
  - DateToolsSwift (5.0.0)
  - FLEX (4.4.0)
  - Keys (1.0.1)
  - Sourcery (1.6.1):
    - Sourcery/CLI-Only (= 1.6.1)
  - Sourcery/CLI-Only (1.6.1)
  - SwiftGen (6.3.0)
  - twitter-text (3.1.0)
  - XLPagerTabStrip (9.0.0)
  - ZIPFoundation (0.9.11)

DEPENDENCIES:
  - DateToolsSwift (~> 5.0.0)
  - FLEX (~> 4.4.0)
  - Keys (from `Pods/CocoaPodsKeys`)
  - Sourcery (~> 1.6.1)
  - SwiftGen (~> 6.3.0)
  - twitter-text (~> 3.1.0)
  - XLPagerTabStrip (~> 9.0.0)
  - ZIPFoundation (~> 0.9.11)

SPEC REPOS:
  trunk:
    - DateToolsSwift
    - FLEX
    - Sourcery
    - SwiftGen
    - twitter-text
    - XLPagerTabStrip
    - ZIPFoundation

EXTERNAL SOURCES:
  Keys:
    :path: Pods/CocoaPodsKeys

SPEC CHECKSUMS:
  DateToolsSwift: 4207ada6ad615d8dc076323d27037c94916dbfa6
  FLEX: 0592c011c6dfbfdb94a5e24f2d4a9dbff0c6026d
  Keys: a576f4c9c1c641ca913a959a9c62ed3f215a8de9
  Sourcery: f3759f803bd0739f74fc92a4341eed0473ce61ac
  SwiftGen: 3d5024a47ea79e408cded20763d7a17d18a4548c
  twitter-text: 3a0d73ca52955439dc8b208ca7e123ea0abd6a51
  XLPagerTabStrip: 61c57fd61f611ee5f01ff1495ad6fbee8bf496c5
  ZIPFoundation: b1f0de4eed33e74a676f76e12559ab6b75990197

PODFILE CHECKSUM: b353ed7d910e5aa2d0a1bd09922555368907d376

COCOAPODS: 1.11.3
