{
  "object": {
    "pins": [
      {
        "package": "ActiveLabel",
        "repositoryURL": "https://github.com/TwidereProject/ActiveLabel.swift",
        "state": {
          "branch": null,
          "revision": "58bfd297d926550c1964e9ec11a245439e150b6b",
          "version": "2.0.0"
        }
      },
      {
        "package": "Alamofire",
        "repositoryURL": "https://github.com/Alamofire/Alamofire.git",
        "state": {
          "branch": null,
          "revision": "d120af1e8638c7da36c8481fd61a66c0c08dc4fc",
          "version": "5.4.4"
        }
      },
      {
        "package": "AlamofireImage",
        "repositoryURL": "https://github.com/Alamofire/AlamofireImage",
        "state": {
          "branch": null,
          "revision": "98cbb00ce0ec5fc8e52a5b50a6bfc08d3e5aee10",
          "version": "4.2.0"
        }
      },
      {
        "package": "CommonOSLog",
        "repositoryURL": "https://github.com/MainasuK/CommonOSLog",
        "state": {
          "branch": null,
          "revision": "c121624a30698e9886efe38aebb36ff51c01b6c2",
          "version": "0.1.1"
        }
      },
      {
        "package": "CryptoSwift",
        "repositoryURL": "https://github.com/krzyzanowskim/CryptoSwift.git",
        "state": {
          "branch": null,
          "revision": "8d4f6384e0a8cc41f2005247241dd553963a492a",
          "version": "1.4.1"
        }
      },
      {
        "package": "FLAnimatedImage",
        "repositoryURL": "https://github.com/Flipboard/FLAnimatedImage.git",
        "state": {
          "branch": null,
          "revision": "e7f9fd4681ae41bf6f3056db08af4f401d61da52",
          "version": "1.0.16"
        }
      },
      {
        "package": "FPSIndicator",
        "repositoryURL": "https://github.com/MainasuK/FPSIndicator.git",
        "state": {
          "branch": null,
          "revision": "b2a002d689c400485f2ba41f9e71e15f7b99764a",
          "version": "1.0.1"
        }
      },
      {
        "package": "Fuzi",
        "repositoryURL": "https://github.com/cezheng/Fuzi.git",
        "state": {
          "branch": null,
          "revision": "f08c8323da21e985f3772610753bcfc652c2103f",
          "version": "3.1.3"
        }
      },
      {
        "package": "Kanna",
        "repositoryURL": "https://github.com/tid-kijyun/Kanna.git",
        "state": {
          "branch": null,
          "revision": "f9e4922223dd0d3dfbf02ca70812cf5531fc0593",
          "version": "5.2.7"
        }
      },
      {
        "package": "Kingfisher",
        "repositoryURL": "https://github.com/onevcat/Kingfisher.git",
        "state": {
          "branch": null,
          "revision": "d06df9adf50ed8cde5786d935836a5f445f780ba",
          "version": "6.3.1"
        }
      },
      {
        "package": "MetaTextKit",
        "repositoryURL": "https://github.com/TwidereProject/MetaTextKit.git",
        "state": {
          "branch": null,
          "revision": "d31b721b388d53e8c110d4da5c1707c28332a1d6",
          "version": "3.0.2"
        }
      },
      {
        "package": "Pageboy",
        "repositoryURL": "https://github.com/uias/Pageboy",
        "state": {
          "branch": null,
          "revision": "34ecb6e7c4e0e07494960ab2f7cc9a02293915a6",
          "version": "3.6.2"
        }
      },
      {
        "package": "SDWebImage",
        "repositoryURL": "https://github.com/SDWebImage/SDWebImage.git",
        "state": {
          "branch": null,
          "revision": "d6367439527663d2038ca445a3c3c4e4bac40d60",
          "version": "5.12.0"
        }
      },
      {
        "package": "swift-nio",
        "repositoryURL": "https://github.com/apple/swift-nio.git",
        "state": {
          "branch": null,
          "revision": "6aa9347d9bc5bbfe6a84983aec955c17ffea96ef",
          "version": "2.33.0"
        }
      },
      {
        "package": "SwiftMessages",
        "repositoryURL": "https://github.com/SwiftKickMobile/SwiftMessages",
        "state": {
          "branch": null,
          "revision": "c5026484ff555db961ec549162e4026b017aa6c5",
          "version": "9.0.4"
        }
      },
      {
        "package": "Introspect",
        "repositoryURL": "https://github.com/siteline/SwiftUI-Introspect.git",
        "state": {
          "branch": null,
          "revision": "2e09be8af614401bc9f87d40093ec19ce56ccaf2",
          "version": "0.1.3"
        }
      },
      {
        "package": "SwiftyJSON",
        "repositoryURL": "https://github.com/SwiftyJSON/SwiftyJSON.git",
        "state": {
          "branch": null,
          "revision": "b3dcd7dbd0d488e1a7077cb33b00f2083e382f07",
          "version": "5.0.1"
        }
      },
      {
        "package": "Tabman",
        "repositoryURL": "https://github.com/uias/Tabman.git",
        "state": {
          "branch": null,
          "revision": "f43489cdd743ba7ad86a422ebb5fcbf34e333df4",
          "version": "2.11.1"
        }
      },
      {
        "package": "TOCropViewController",
        "repositoryURL": "https://github.com/TimOliver/TOCropViewController.git",
        "state": {
          "branch": null,
          "revision": "dad97167bf1be16aeecd109130900995dd01c515",
          "version": "2.6.0"
        }
      }
    ]
  },
  "version": 1
}
