{
  "object": {
    "pins": [
      {
        "package": "ActiveLabel",
        "repositoryURL": "https://github.com/optonaut/ActiveLabel.swift.git",
        "state": {
          "branch": null,
          "revision": "dacc4cfbcdf511424985ce8a1a9260345bd8f2d5",
          "version": "1.1.0"
        }
      },
      {
        "package": "Alamofire",
        "repositoryURL": "https://github.com/Alamofire/Alamofire.git",
        "state": {
          "branch": null,
          "revision": "becd9a729a37bdbef5bc39dc3c702b99f9e3d046",
          "version": "5.2.2"
        }
      },
      {
        "package": "AlamofireImage",
        "repositoryURL": "https://github.com/Alamofire/AlamofireImage",
        "state": {
          "branch": null,
          "revision": "3e8edbeb75227f8542aa87f90240cf0424d6362f",
          "version": "4.1.0"
        }
      },
      {
        "package": "CommonOSLog",
        "repositoryURL": "https://github.com/MainasuK/CommonOSLog",
        "state": {
          "branch": null,
          "revision": "c121624a30698e9886efe38aebb36ff51c01b6c2",
          "version": "0.1.1"
        }
      },
      {
        "package": "CryptoSwift",
        "repositoryURL": "https://github.com/krzyzanowskim/CryptoSwift.git",
        "state": {
          "branch": null,
          "revision": "af1b58fc569bfde777462349b9f7314b61762be0",
          "version": "1.3.2"
        }
      },
      {
        "package": "Kanna",
        "repositoryURL": "https://github.com/tid-kijyun/Kanna.git",
        "state": {
          "branch": null,
          "revision": "609367a2cd84827a33383cf7923cb4fe8f69ee0a",
          "version": "5.2.2"
        }
      },
      {
        "package": "Kingfisher",
        "repositoryURL": "https://github.com/onevcat/Kingfisher.git",
        "state": {
          "branch": null,
          "revision": "1aa9889e5f7d9d92acda014eea9cdc7338d3d7d6",
          "version": "5.15.6"
        }
      },
      {
        "package": "Pageboy",
        "repositoryURL": "https://github.com/uias/Pageboy",
        "state": {
          "branch": null,
          "revision": "fcaaab06e634de68d2929883083683ec8cf5dade",
          "version": "3.6.1"
        }
      },
      {
        "package": "SwiftMessages",
        "repositoryURL": "https://github.com/SwiftKickMobile/SwiftMessages",
        "state": {
          "branch": null,
          "revision": "0d1068917cc7cb4de0d50de736aa3ed50b227bf0",
          "version": "8.0.3"
        }
      },
      {
        "package": "SwiftyJSON",
        "repositoryURL": "https://github.com/SwiftyJSON/SwiftyJSON",
        "state": {
          "branch": null,
          "revision": "2b6054efa051565954e1d2b9da831680026cd768",
          "version": "5.0.0"
        }
      },
      {
        "package": "Tabman",
        "repositoryURL": "https://github.com/uias/Tabman.git",
        "state": {
          "branch": null,
          "revision": "28bcd3d3fca0a5b7c8767d19c91d57fbd04bf60d",
          "version": "2.9.1"
        }
      }
    ]
  },
  "version": 1
}
